
Microsoft Visual Studio Solution File, Format Version 12.00
# Visual Studio Version 17
VisualStudioVersion = 17.3.32819.101
MinimumVisualStudioVersion = 10.0.40219.1
Project("{FAE04EC0-301F-11D3-BF4B-00C04F79EFBC}") = "RegexDemo", "RegexDemo\RegexDemo.csproj", "{29DE3244-4F6C-49CD-8EE1-556F665E8C5A}"
EndProject
Global
	GlobalSection(SolutionConfigurationPlatforms) = preSolution
		Debug|Any CPU = Debug|Any CPU
		Release|Any CPU = Release|Any CPU
	EndGlobalSection
	GlobalSection(ProjectConfigurationPlatforms) = postSolution
		{29DE3244-4F6C-49CD-8EE1-556F665E8C5A}.Debug|Any CPU.ActiveCfg = Debug|Any CPU
		{29DE3244-4F6C-49CD-8EE1-556F665E8C5A}.Debug|Any CPU.Build.0 = Debug|Any CPU
		{29DE3244-4F6C-49CD-8EE1-556F665E8C5A}.Release|Any CPU.ActiveCfg = Release|Any CPU
		{29DE3244-4F6C-49CD-8EE1-556F665E8C5A}.Release|Any CPU.Build.0 = Release|Any CPU
	EndGlobalSection
	GlobalSection(SolutionProperties) = preSolution
		HideSolutionNode = FALSE
	EndGlobalSection
	GlobalSection(ExtensibilityGlobals) = postSolution
		SolutionGuid = {043FD170-D2A4-44D8-ABD0-FE93957305B3}
	EndGlobalSection
EndGlobal
